// !$*UTF8*$!
{
	archiveVersion = 1;
	classes = {
	};
	objectVersion = 50;
	objects = {

/* Begin PBXBuildFile section */
		B95034F8212FD49D0062DC6C /* HorizontalSlideBack.swift in Sources */ = {isa = PBXBuildFile; fileRef = B95034F7212FD49D0062DC6C /* HorizontalSlideBack.swift */; };
		B95034FA212FD7E70062DC6C /* HorizontalSlideForward.swift in Sources */ = {isa = PBXBuildFile; fileRef = B95034F9212FD7E70062DC6C /* HorizontalSlideForward.swift */; };
		B95034FC21314B290062DC6C /* SettingsPage.swift in Sources */ = {isa = PBXBuildFile; fileRef = B95034FB21314B290062DC6C /* SettingsPage.swift */; };
		B95034FF213292970062DC6C /* AchievementsPage.swift in Sources */ = {isa = PBXBuildFile; fileRef = B95034FE213292970062DC6C /* AchievementsPage.swift */; };
		B95542A6212163410070CF79 /* TutorialPageOne.swift in Sources */ = {isa = PBXBuildFile; fileRef = B95542A5212163410070CF79 /* TutorialPageOne.swift */; };
		B95542A821254DED0070CF79 /* TutorialPageTwo.swift in Sources */ = {isa = PBXBuildFile; fileRef = B95542A721254DED0070CF79 /* TutorialPageTwo.swift */; };
		B95542AB21254F7A0070CF79 /* TutorialPageThree.swift in Sources */ = {isa = PBXBuildFile; fileRef = B95542AA21254F7A0070CF79 /* TutorialPageThree.swift */; };
		B95542AD21254FF90070CF79 /* TutorialPageFour.swift in Sources */ = {isa = PBXBuildFile; fileRef = B95542AC21254FF90070CF79 /* TutorialPageFour.swift */; };
		B97C714121200030007446BD /* AppDelegate.swift in Sources */ = {isa = PBXBuildFile; fileRef = B97C714021200030007446BD /* AppDelegate.swift */; };
		B97C714321200030007446BD /* ViewController.swift in Sources */ = {isa = PBXBuildFile; fileRef = B97C714221200030007446BD /* ViewController.swift */; };
		B97C714621200030007446BD /* Main.storyboard in Resources */ = {isa = PBXBuildFile; fileRef = B97C714421200030007446BD /* Main.storyboard */; };
		B97C714821200032007446BD /* Assets.xcassets in Resources */ = {isa = PBXBuildFile; fileRef = B97C714721200032007446BD /* Assets.xcassets */; };
		B97C714B21200032007446BD /* LaunchScreen.storyboard in Resources */ = {isa = PBXBuildFile; fileRef = B97C714921200032007446BD /* LaunchScreen.storyboard */; };
		B9A57D19213D380700ED09F6 /* SettingsEditTime.swift in Sources */ = {isa = PBXBuildFile; fileRef = B9A57D18213D380700ED09F6 /* SettingsEditTime.swift */; };
		B9A57D1B213D3D7B00ED09F6 /* SettingsEditTimeTwo.swift in Sources */ = {isa = PBXBuildFile; fileRef = B9A57D1A213D3D7B00ED09F6 /* SettingsEditTimeTwo.swift */; };
		B9A57D1D213D3D9400ED09F6 /* AboutPage.swift in Sources */ = {isa = PBXBuildFile; fileRef = B9A57D1C213D3D9400ED09F6 /* AboutPage.swift */; };
		B9A57D26213D47E000ED09F6 /* CurrentView.swift in Sources */ = {isa = PBXBuildFile; fileRef = B9A57D25213D47E000ED09F6 /* CurrentView.swift */; };
		B9A57D28213D485B00ED09F6 /* SleepPage.swift in Sources */ = {isa = PBXBuildFile; fileRef = B9A57D27213D485B00ED09F6 /* SleepPage.swift */; };
/* End PBXBuildFile section */

/* Begin PBXFileReference section */
		B95034F7212FD49D0062DC6C /* HorizontalSlideBack.swift */ = {isa = PBXFileReference; lastKnownFileType = sourcecode.swift; path = HorizontalSlideBack.swift; sourceTree = "<group>"; };
		B95034F9212FD7E70062DC6C /* HorizontalSlideForward.swift */ = {isa = PBXFileReference; lastKnownFileType = sourcecode.swift; path = HorizontalSlideForward.swift; sourceTree = "<group>"; };
		B95034FB21314B290062DC6C /* SettingsPage.swift */ = {isa = PBXFileReference; lastKnownFileType = sourcecode.swift; path = SettingsPage.swift; sourceTree = "<group>"; };
		B95034FE213292970062DC6C /* AchievementsPage.swift */ = {isa = PBXFileReference; lastKnownFileType = sourcecode.swift; path = AchievementsPage.swift; sourceTree = "<group>"; };
		B95542A5212163410070CF79 /* TutorialPageOne.swift */ = {isa = PBXFileReference; lastKnownFileType = sourcecode.swift; path = TutorialPageOne.swift; sourceTree = "<group>"; };
		B95542A721254DED0070CF79 /* TutorialPageTwo.swift */ = {isa = PBXFileReference; lastKnownFileType = sourcecode.swift; path = TutorialPageTwo.swift; sourceTree = "<group>"; };
		B95542AA21254F7A0070CF79 /* TutorialPageThree.swift */ = {isa = PBXFileReference; lastKnownFileType = sourcecode.swift; path = TutorialPageThree.swift; sourceTree = "<group>"; };
		B95542AC21254FF90070CF79 /* TutorialPageFour.swift */ = {isa = PBXFileReference; lastKnownFileType = sourcecode.swift; path = TutorialPageFour.swift; sourceTree = "<group>"; };
		B97C713D21200030007446BD /* MidKnight.app */ = {isa = PBXFileReference; explicitFileType = wrapper.application; includeInIndex = 0; path = MidKnight.app; sourceTree = BUILT_PRODUCTS_DIR; };
		B97C714021200030007446BD /* AppDelegate.swift */ = {isa = PBXFileReference; lastKnownFileType = sourcecode.swift; path = AppDelegate.swift; sourceTree = "<group>"; };
		B97C714221200030007446BD /* ViewController.swift */ = {isa = PBXFileReference; lastKnownFileType = sourcecode.swift; path = ViewController.swift; sourceTree = "<group>"; };
		B97C714521200030007446BD /* Base */ = {isa = PBXFileReference; lastKnownFileType = file.storyboard; name = Base; path = Base.lproj/Main.storyboard; sourceTree = "<group>"; };
		B97C714721200032007446BD /* Assets.xcassets */ = {isa = PBXFileReference; lastKnownFileType = folder.assetcatalog; path = Assets.xcassets; sourceTree = "<group>"; };
		B97C714A21200032007446BD /* Base */ = {isa = PBXFileReference; lastKnownFileType = file.storyboard; name = Base; path = Base.lproj/LaunchScreen.storyboard; sourceTree = "<group>"; };
		B97C714C21200032007446BD /* Info.plist */ = {isa = PBXFileReference; lastKnownFileType = text.plist.xml; path = Info.plist; sourceTree = "<group>"; };
		B9A57D18213D380700ED09F6 /* SettingsEditTime.swift */ = {isa = PBXFileReference; lastKnownFileType = sourcecode.swift; path = SettingsEditTime.swift; sourceTree = "<group>"; };
		B9A57D1A213D3D7B00ED09F6 /* SettingsEditTimeTwo.swift */ = {isa = PBXFileReference; lastKnownFileType = sourcecode.swift; path = SettingsEditTimeTwo.swift; sourceTree = "<group>"; };
		B9A57D1C213D3D9400ED09F6 /* AboutPage.swift */ = {isa = PBXFileReference; lastKnownFileType = sourcecode.swift; path = AboutPage.swift; sourceTree = "<group>"; };
		B9A57D25213D47E000ED09F6 /* CurrentView.swift */ = {isa = PBXFileReference; lastKnownFileType = sourcecode.swift; path = CurrentView.swift; sourceTree = "<group>"; };
		B9A57D27213D485B00ED09F6 /* SleepPage.swift */ = {isa = PBXFileReference; lastKnownFileType = sourcecode.swift; path = SleepPage.swift; sourceTree = "<group>"; };
/* End PBXFileReference section */

/* Begin PBXFrameworksBuildPhase section */
		B97C713A21200030007446BD /* Frameworks */ = {
			isa = PBXFrameworksBuildPhase;
			buildActionMask = 2147483647;
			files = (
			);
			runOnlyForDeploymentPostprocessing = 0;
		};
/* End PBXFrameworksBuildPhase section */

/* Begin PBXGroup section */
		B95034FD21314B4C0062DC6C /* SlideGestures */ = {
			isa = PBXGroup;
			children = (
				B95034F7212FD49D0062DC6C /* HorizontalSlideBack.swift */,
				B95034F9212FD7E70062DC6C /* HorizontalSlideForward.swift */,
			);
			path = SlideGestures;
			sourceTree = "<group>";
		};
		B95542A921254E190070CF79 /* Controllers */ = {
			isa = PBXGroup;
			children = (
				B9A57D1F213D3DF300ED09F6 /* Settings */,
				B95034FD21314B4C0062DC6C /* SlideGestures */,
				B95542AE2125505F0070CF79 /* TutorialControllers */,
				B97C714221200030007446BD /* ViewController.swift */,
				B95034FE213292970062DC6C /* AchievementsPage.swift */,
				B9A57D27213D485B00ED09F6 /* SleepPage.swift */,
			);
			path = Controllers;
			sourceTree = "<group>";
		};
		B95542AE2125505F0070CF79 /* TutorialControllers */ = {
			isa = PBXGroup;
			children = (
				B95542A5212163410070CF79 /* TutorialPageOne.swift */,
				B95542A721254DED0070CF79 /* TutorialPageTwo.swift */,
				B95542AA21254F7A0070CF79 /* TutorialPageThree.swift */,
				B95542AC21254FF90070CF79 /* TutorialPageFour.swift */,
			);
			path = TutorialControllers;
			sourceTree = "<group>";
		};
		B97C713421200030007446BD = {
			isa = PBXGroup;
			children = (
				B97C713F21200030007446BD /* MidKnight */,
				B97C713E21200030007446BD /* Products */,
			);
			sourceTree = "<group>";
		};
		B97C713E21200030007446BD /* Products */ = {
			isa = PBXGroup;
			children = (
				B97C713D21200030007446BD /* MidKnight.app */,
			);
			name = Products;
			sourceTree = "<group>";
		};
		B97C713F21200030007446BD /* MidKnight */ = {
			isa = PBXGroup;
			children = (
				B9A57D24213D47D000ED09F6 /* Extension */,
				B95542A921254E190070CF79 /* Controllers */,
				B97C714021200030007446BD /* AppDelegate.swift */,
				B97C714421200030007446BD /* Main.storyboard */,
				B97C714721200032007446BD /* Assets.xcassets */,
				B97C714921200032007446BD /* LaunchScreen.storyboard */,
				B97C714C21200032007446BD /* Info.plist */,
			);
			path = MidKnight;
			sourceTree = "<group>";
		};
		B9A57D1F213D3DF300ED09F6 /* Settings */ = {
			isa = PBXGroup;
			children = (
				B95034FB21314B290062DC6C /* SettingsPage.swift */,
				B9A57D18213D380700ED09F6 /* SettingsEditTime.swift */,
				B9A57D1A213D3D7B00ED09F6 /* SettingsEditTimeTwo.swift */,
				B9A57D1C213D3D9400ED09F6 /* AboutPage.swift */,
			);
			path = Settings;
			sourceTree = "<group>";
		};
		B9A57D24213D47D000ED09F6 /* Extension */ = {
			isa = PBXGroup;
			children = (
				B9A57D25213D47E000ED09F6 /* CurrentView.swift */,
			);
			path = Extension;
			sourceTree = "<group>";
		};
/* End PBXGroup section */

/* Begin PBXNativeTarget section */
		B97C713C21200030007446BD /* MidKnight */ = {
			isa = PBXNativeTarget;
			buildConfigurationList = B97C714F21200032007446BD /* Build configuration list for PBXNativeTarget "MidKnight" */;
			buildPhases = (
				B97C713921200030007446BD /* Sources */,
				B97C713A21200030007446BD /* Frameworks */,
				B97C713B21200030007446BD /* Resources */,
			);
			buildRules = (
			);
			dependencies = (
			);
			name = MidKnight;
			productName = MidKnight;
			productReference = B97C713D21200030007446BD /* MidKnight.app */;
			productType = "com.apple.product-type.application";
		};
/* End PBXNativeTarget section */

/* Begin PBXProject section */
		B97C713521200030007446BD /* Project object */ = {
			isa = PBXProject;
			attributes = {
				LastSwiftUpdateCheck = 0940;
				LastUpgradeCheck = 0940;
				ORGANIZATIONNAME = "Sai Nadendla";
				TargetAttributes = {
					B97C713C21200030007446BD = {
						CreatedOnToolsVersion = 9.4.1;
					};
				};
			};
			buildConfigurationList = B97C713821200030007446BD /* Build configuration list for PBXProject "MidKnight" */;
			compatibilityVersion = "Xcode 9.3";
			developmentRegion = en;
			hasScannedForEncodings = 0;
			knownRegions = (
				en,
				Base,
			);
			mainGroup = B97C713421200030007446BD;
			productRefGroup = B97C713E21200030007446BD /* Products */;
			projectDirPath = "";
			projectRoot = "";
			targets = (
				B97C713C21200030007446BD /* MidKnight */,
			);
		};
/* End PBXProject section */

/* Begin PBXResourcesBuildPhase section */
		B97C713B21200030007446BD /* Resources */ = {
			isa = PBXResourcesBuildPhase;
			buildActionMask = 2147483647;
			files = (
				B97C714B21200032007446BD /* LaunchScreen.storyboard in Resources */,
				B97C714821200032007446BD /* Assets.xcassets in Resources */,
				B97C714621200030007446BD /* Main.storyboard in Resources */,
			);
			runOnlyForDeploymentPostprocessing = 0;
		};
/* End PBXResourcesBuildPhase section */

/* Begin PBXSourcesBuildPhase section */
		B97C713921200030007446BD /* Sources */ = {
			isa = PBXSourcesBuildPhase;
			buildActionMask = 2147483647;
			files = (
				B9A57D1D213D3D9400ED09F6 /* AboutPage.swift in Sources */,
				B9A57D1B213D3D7B00ED09F6 /* SettingsEditTimeTwo.swift in Sources */,
				B9A57D19213D380700ED09F6 /* SettingsEditTime.swift in Sources */,
				B9A57D28213D485B00ED09F6 /* SleepPage.swift in Sources */,
				B95034FC21314B290062DC6C /* SettingsPage.swift in Sources */,
				B97C714321200030007446BD /* ViewController.swift in Sources */,
				B97C714121200030007446BD /* AppDelegate.swift in Sources */,
				B9A57D26213D47E000ED09F6 /* CurrentView.swift in Sources */,
				B95542AD21254FF90070CF79 /* TutorialPageFour.swift in Sources */,
				B95034FF213292970062DC6C /* AchievementsPage.swift in Sources */,
				B95542A6212163410070CF79 /* TutorialPageOne.swift in Sources */,
				B95034F8212FD49D0062DC6C /* HorizontalSlideBack.swift in Sources */,
				B95542A821254DED0070CF79 /* TutorialPageTwo.swift in Sources */,
				B95542AB21254F7A0070CF79 /* TutorialPageThree.swift in Sources */,
				B95034FA212FD7E70062DC6C /* HorizontalSlideForward.swift in Sources */,
			);
			runOnlyForDeploymentPostprocessing = 0;
		};
/* End PBXSourcesBuildPhase section */

/* Begin PBXVariantGroup section */
		B97C714421200030007446BD /* Main.storyboard */ = {
			isa = PBXVariantGroup;
			children = (
				B97C714521200030007446BD /* Base */,
			);
			name = Main.storyboard;
			sourceTree = "<group>";
		};
		B97C714921200032007446BD /* LaunchScreen.storyboard */ = {
			isa = PBXVariantGroup;
			children = (
				B97C714A21200032007446BD /* Base */,
			);
			name = LaunchScreen.storyboard;
			sourceTree = "<group>";
		};
/* End PBXVariantGroup section */

/* Begin XCBuildConfiguration section */
		B97C714D21200032007446BD /* Debug */ = {
			isa = XCBuildConfiguration;
			buildSettings = {
				ALWAYS_SEARCH_USER_PATHS = NO;
				CLANG_ANALYZER_NONNULL = YES;
				CLANG_ANALYZER_NUMBER_OBJECT_CONVERSION = YES_AGGRESSIVE;
				CLANG_CXX_LANGUAGE_STANDARD = "gnu++14";
				CLANG_CXX_LIBRARY = "libc++";
				CLANG_ENABLE_MODULES = YES;
				CLANG_ENABLE_OBJC_ARC = YES;
				CLANG_ENABLE_OBJC_WEAK = YES;
				CLANG_WARN_BLOCK_CAPTURE_AUTORELEASING = YES;
				CLANG_WARN_BOOL_CONVERSION = YES;
				CLANG_WARN_COMMA = YES;
				CLANG_WARN_CONSTANT_CONVERSION = YES;
				CLANG_WARN_DEPRECATED_OBJC_IMPLEMENTATIONS = YES;
				CLANG_WARN_DIRECT_OBJC_ISA_USAGE = YES_ERROR;
				CLANG_WARN_DOCUMENTATION_COMMENTS = YES;
				CLANG_WARN_EMPTY_BODY = YES;
				CLANG_WARN_ENUM_CONVERSION = YES;
				CLANG_WARN_INFINITE_RECURSION = YES;
				CLANG_WARN_INT_CONVERSION = YES;
				CLANG_WARN_NON_LITERAL_NULL_CONVERSION = YES;
				CLANG_WARN_OBJC_IMPLICIT_RETAIN_SELF = YES;
				CLANG_WARN_OBJC_LITERAL_CONVERSION = YES;
				CLANG_WARN_OBJC_ROOT_CLASS = YES_ERROR;
				CLANG_WARN_RANGE_LOOP_ANALYSIS = YES;
				CLANG_WARN_STRICT_PROTOTYPES = YES;
				CLANG_WARN_SUSPICIOUS_MOVE = YES;
				CLANG_WARN_UNGUARDED_AVAILABILITY = YES_AGGRESSIVE;
				CLANG_WARN_UNREACHABLE_CODE = YES;
				CLANG_WARN__DUPLICATE_METHOD_MATCH = YES;
				CODE_SIGN_IDENTITY = "iPhone Developer";
				COPY_PHASE_STRIP = NO;
				DEBUG_INFORMATION_FORMAT = dwarf;
				ENABLE_STRICT_OBJC_MSGSEND = YES;
				ENABLE_TESTABILITY = YES;
				GCC_C_LANGUAGE_STANDARD = gnu11;
				GCC_DYNAMIC_NO_PIC = NO;
				GCC_NO_COMMON_BLOCKS = YES;
				GCC_OPTIMIZATION_LEVEL = 0;
				GCC_PREPROCESSOR_DEFINITIONS = (
					"DEBUG=1",
					"$(inherited)",
				);
				GCC_WARN_64_TO_32_BIT_CONVERSION = YES;
				GCC_WARN_ABOUT_RETURN_TYPE = YES_ERROR;
				GCC_WARN_UNDECLARED_SELECTOR = YES;
				GCC_WARN_UNINITIALIZED_AUTOS = YES_AGGRESSIVE;
				GCC_WARN_UNUSED_FUNCTION = YES;
				GCC_WARN_UNUSED_VARIABLE = YES;
				IPHONEOS_DEPLOYMENT_TARGET = 11.4;
				MTL_ENABLE_DEBUG_INFO = YES;
				ONLY_ACTIVE_ARCH = YES;
				SDKROOT = iphoneos;
				SWIFT_ACTIVE_COMPILATION_CONDITIONS = DEBUG;
				SWIFT_OPTIMIZATION_LEVEL = "-Onone";
			};
			name = Debug;
		};
		B97C714E21200032007446BD /* Release */ = {
			isa = XCBuildConfiguration;
			buildSettings = {
				ALWAYS_SEARCH_USER_PATHS = NO;
				CLANG_ANALYZER_NONNULL = YES;
				CLANG_ANALYZER_NUMBER_OBJECT_CONVERSION = YES_AGGRESSIVE;
				CLANG_CXX_LANGUAGE_STANDARD = "gnu++14";
				CLANG_CXX_LIBRARY = "libc++";
				CLANG_ENABLE_MODULES = YES;
				CLANG_ENABLE_OBJC_ARC = YES;
				CLANG_ENABLE_OBJC_WEAK = YES;
				CLANG_WARN_BLOCK_CAPTURE_AUTORELEASING = YES;
				CLANG_WARN_BOOL_CONVERSION = YES;
				CLANG_WARN_COMMA = YES;
				CLANG_WARN_CONSTANT_CONVERSION = YES;
				CLANG_WARN_DEPRECATED_OBJC_IMPLEMENTATIONS = YES;
				CLANG_WARN_DIRECT_OBJC_ISA_USAGE = YES_ERROR;
				CLANG_WARN_DOCUMENTATION_COMMENTS = YES;
				CLANG_WARN_EMPTY_BODY = YES;
				CLANG_WARN_ENUM_CONVERSION = YES;
				CLANG_WARN_INFINITE_RECURSION = YES;
				CLANG_WARN_INT_CONVERSION = YES;
				CLANG_WARN_NON_LITERAL_NULL_CONVERSION = YES;
				CLANG_WARN_OBJC_IMPLICIT_RETAIN_SELF = YES;
				CLANG_WARN_OBJC_LITERAL_CONVERSION = YES;
				CLANG_WARN_OBJC_ROOT_CLASS = YES_ERROR;
				CLANG_WARN_RANGE_LOOP_ANALYSIS = YES;
				CLANG_WARN_STRICT_PROTOTYPES = YES;
				CLANG_WARN_SUSPICIOUS_MOVE = YES;
				CLANG_WARN_UNGUARDED_AVAILABILITY = YES_AGGRESSIVE;
				CLANG_WARN_UNREACHABLE_CODE = YES;
				CLANG_WARN__DUPLICATE_METHOD_MATCH = YES;
				CODE_SIGN_IDENTITY = "iPhone Developer";
				COPY_PHASE_STRIP = NO;
				DEBUG_INFORMATION_FORMAT = "dwarf-with-dsym";
				ENABLE_NS_ASSERTIONS = NO;
				ENABLE_STRICT_OBJC_MSGSEND = YES;
				GCC_C_LANGUAGE_STANDARD = gnu11;
				GCC_NO_COMMON_BLOCKS = YES;
				GCC_WARN_64_TO_32_BIT_CONVERSION = YES;
				GCC_WARN_ABOUT_RETURN_TYPE = YES_ERROR;
				GCC_WARN_UNDECLARED_SELECTOR = YES;
				GCC_WARN_UNINITIALIZED_AUTOS = YES_AGGRESSIVE;
				GCC_WARN_UNUSED_FUNCTION = YES;
				GCC_WARN_UNUSED_VARIABLE = YES;
				IPHONEOS_DEPLOYMENT_TARGET = 11.4;
				MTL_ENABLE_DEBUG_INFO = NO;
				SDKROOT = iphoneos;
				SWIFT_COMPILATION_MODE = wholemodule;
				SWIFT_OPTIMIZATION_LEVEL = "-O";
				VALIDATE_PRODUCT = YES;
			};
			name = Release;
		};
		B97C715021200032007446BD /* Debug */ = {
			isa = XCBuildConfiguration;
			buildSettings = {
				ASSETCATALOG_COMPILER_APPICON_NAME = AppIcon;
				CODE_SIGN_STYLE = Automatic;
				INFOPLIST_FILE = MidKnight/Info.plist;
				LD_RUNPATH_SEARCH_PATHS = (
					"$(inherited)",
					"@executable_path/Frameworks",
				);
				PRODUCT_BUNDLE_IDENTIFIER = com.sainadendla.MidKnight;
				PRODUCT_NAME = "$(TARGET_NAME)";
				SWIFT_VERSION = 4.0;
				TARGETED_DEVICE_FAMILY = 1;
			};
			name = Debug;
		};
		B97C715121200032007446BD /* Release */ = {
			isa = XCBuildConfiguration;
			buildSettings = {
				ASSETCATALOG_COMPILER_APPICON_NAME = AppIcon;
				CODE_SIGN_STYLE = Automatic;
				INFOPLIST_FILE = MidKnight/Info.plist;
				LD_RUNPATH_SEARCH_PATHS = (
					"$(inherited)",
					"@executable_path/Frameworks",
				);
				PRODUCT_BUNDLE_IDENTIFIER = com.sainadendla.MidKnight;
				PRODUCT_NAME = "$(TARGET_NAME)";
				SWIFT_VERSION = 4.0;
				TARGETED_DEVICE_FAMILY = 1;
			};
			name = Release;
		};
/* End XCBuildConfiguration section */

/* Begin XCConfigurationList section */
		B97C713821200030007446BD /* Build configuration list for PBXProject "MidKnight" */ = {
			isa = XCConfigurationList;
			buildConfigurations = (
				B97C714D21200032007446BD /* Debug */,
				B97C714E21200032007446BD /* Release */,
			);
			defaultConfigurationIsVisible = 0;
			defaultConfigurationName = Release;
		};
		B97C714F21200032007446BD /* Build configuration list for PBXNativeTarget "MidKnight" */ = {
			isa = XCConfigurationList;
			buildConfigurations = (
				B97C715021200032007446BD /* Debug */,
				B97C715121200032007446BD /* Release */,
			);
			defaultConfigurationIsVisible = 0;
			defaultConfigurationName = Release;
		};
/* End XCConfigurationList section */
	};
	rootObject = B97C713521200030007446BD /* Project object */;
}
